
Microsoft Visual Studio Solution File, Format Version 12.00
# Visual Studio Version 17
VisualStudioVersion = 17.10.35027.167
MinimumVisualStudioVersion = 10.0.40219.1
Project("{FAE04EC0-301F-11D3-BF4B-00C04F79EFBC}") = "Grid_Dapper", "Grid_Dapper.csproj", "{239B38AB-F0D3-450A-BA7E-0652E5A54B61}"
EndProject
Global
	GlobalSection(SolutionConfigurationPlatforms) = preSolution
		Debug|Any CPU = Debug|Any CPU
		Release|Any CPU = Release|Any CPU
	EndGlobalSection
	GlobalSection(ProjectConfigurationPlatforms) = postSolution
		{239B38AB-F0D3-450A-BA7E-0652E5A54B61}.Debug|Any CPU.ActiveCfg = Debug|Any CPU
		{239B38AB-F0D3-450A-BA7E-0652E5A54B61}.Debug|Any CPU.Build.0 = Debug|Any CPU
		{239B38AB-F0D3-450A-BA7E-0652E5A54B61}.Release|Any CPU.ActiveCfg = Release|Any CPU
		{239B38AB-F0D3-450A-BA7E-0652E5A54B61}.Release|Any CPU.Build.0 = Release|Any CPU
	EndGlobalSection
	GlobalSection(SolutionProperties) = preSolution
		HideSolutionNode = FALSE
	EndGlobalSection
	GlobalSection(ExtensibilityGlobals) = postSolution
		SolutionGuid = {B74FCA6B-3CE0-447B-8124-B276749D768B}
	EndGlobalSection
EndGlobal
