
Microsoft Visual Studio Solution File, Format Version 12.00
# Visual Studio Version 17
VisualStudioVersion = 17.10.35027.167
MinimumVisualStudioVersion = 10.0.40219.1
Project("{FAE04EC0-301F-11D3-BF4B-00C04F79EFBC}") = "Grid_Dapper", "Grid_Dapper.csproj", "{5F2BE7C9-473B-4BB9-AFC5-114828F224A1}"
EndProject
Global
	GlobalSection(SolutionConfigurationPlatforms) = preSolution
		Debug|Any CPU = Debug|Any CPU
		Release|Any CPU = Release|Any CPU
	EndGlobalSection
	GlobalSection(ProjectConfigurationPlatforms) = postSolution
		{5F2BE7C9-473B-4BB9-AFC5-114828F224A1}.Debug|Any CPU.ActiveCfg = Debug|Any CPU
		{5F2BE7C9-473B-4BB9-AFC5-114828F224A1}.Debug|Any CPU.Build.0 = Debug|Any CPU
		{5F2BE7C9-473B-4BB9-AFC5-114828F224A1}.Release|Any CPU.ActiveCfg = Release|Any CPU
		{5F2BE7C9-473B-4BB9-AFC5-114828F224A1}.Release|Any CPU.Build.0 = Release|Any CPU
	EndGlobalSection
	GlobalSection(SolutionProperties) = preSolution
		HideSolutionNode = FALSE
	EndGlobalSection
	GlobalSection(ExtensibilityGlobals) = postSolution
		SolutionGuid = {08920E64-3A89-4133-90C4-FCCEF009BAEA}
	EndGlobalSection
EndGlobal
