
Microsoft Visual Studio Solution File, Format Version 12.00
# Visual Studio Version 17
VisualStudioVersion = 17.13.35919.96 d17.13
MinimumVisualStudioVersion = 10.0.40219.1
Project("{FAE04EC0-301F-11D3-BF4B-00C04F79EFBC}") = "Grid_MYSQL", "Grid_MYSQL.csproj", "{C0174399-AD0B-40B1-AB3A-8C28F10E5775}"
EndProject
Global
	GlobalSection(SolutionConfigurationPlatforms) = preSolution
		Debug|Any CPU = Debug|Any CPU
		Release|Any CPU = Release|Any CPU
	EndGlobalSection
	GlobalSection(ProjectConfigurationPlatforms) = postSolution
		{C0174399-AD0B-40B1-AB3A-8C28F10E5775}.Debug|Any CPU.ActiveCfg = Debug|Any CPU
		{C0174399-AD0B-40B1-AB3A-8C28F10E5775}.Debug|Any CPU.Build.0 = Debug|Any CPU
		{C0174399-AD0B-40B1-AB3A-8C28F10E5775}.Release|Any CPU.ActiveCfg = Release|Any CPU
		{C0174399-AD0B-40B1-AB3A-8C28F10E5775}.Release|Any CPU.Build.0 = Release|Any CPU
	EndGlobalSection
	GlobalSection(SolutionProperties) = preSolution
		HideSolutionNode = FALSE
	EndGlobalSection
	GlobalSection(ExtensibilityGlobals) = postSolution
		SolutionGuid = {BEB50387-EBE4-4A2C-92DA-09A36D00C073}
	EndGlobalSection
EndGlobal
